
Microsoft Visual Studio Solution File, Format Version 12.00
# Visual Studio Version 17
VisualStudioVersion = 17.4.33122.133
MinimumVisualStudioVersion = 10.0.40219.1
Project("{FAE04EC0-301F-11D3-BF4B-00C04F79EFBC}") = "MedLab", "MedLab\MedLab.csproj", "{0D367C45-5184-408D-B7E0-57C00631DEFA}"
EndProject
Global
	GlobalSection(SolutionConfigurationPlatforms) = preSolution
		Debug|Any CPU = Debug|Any CPU
		Release|Any CPU = Release|Any CPU
	EndGlobalSection
	GlobalSection(ProjectConfigurationPlatforms) = postSolution
		{0D367C45-5184-408D-B7E0-57C00631DEFA}.Debug|Any CPU.ActiveCfg = Debug|Any CPU
		{0D367C45-5184-408D-B7E0-57C00631DEFA}.Debug|Any CPU.Build.0 = Debug|Any CPU
		{0D367C45-5184-408D-B7E0-57C00631DEFA}.Release|Any CPU.ActiveCfg = Release|Any CPU
		{0D367C45-5184-408D-B7E0-57C00631DEFA}.Release|Any CPU.Build.0 = Release|Any CPU
	EndGlobalSection
	GlobalSection(SolutionProperties) = preSolution
		HideSolutionNode = FALSE
	EndGlobalSection
	GlobalSection(ExtensibilityGlobals) = postSolution
		SolutionGuid = {FDBD54A0-A542-4E9F-B41E-8A28E6C64388}
	EndGlobalSection
EndGlobal
