
Microsoft Visual Studio Solution File, Format Version 12.00
# Visual Studio Version 17
VisualStudioVersion = 17.4.33122.133
MinimumVisualStudioVersion = 10.0.40219.1
Project("{FAE04EC0-301F-11D3-BF4B-00C04F79EFBC}") = "PhoneDirectory", "PhoneDirectory\PhoneDirectory.csproj", "{FCB8D9E8-9374-4838-AFE6-F95BD8FBBDFA}"
EndProject
Global
	GlobalSection(SolutionConfigurationPlatforms) = preSolution
		Debug|Any CPU = Debug|Any CPU
		Release|Any CPU = Release|Any CPU
	EndGlobalSection
	GlobalSection(ProjectConfigurationPlatforms) = postSolution
		{FCB8D9E8-9374-4838-AFE6-F95BD8FBBDFA}.Debug|Any CPU.ActiveCfg = Debug|Any CPU
		{FCB8D9E8-9374-4838-AFE6-F95BD8FBBDFA}.Debug|Any CPU.Build.0 = Debug|Any CPU
		{FCB8D9E8-9374-4838-AFE6-F95BD8FBBDFA}.Release|Any CPU.ActiveCfg = Release|Any CPU
		{FCB8D9E8-9374-4838-AFE6-F95BD8FBBDFA}.Release|Any CPU.Build.0 = Release|Any CPU
	EndGlobalSection
	GlobalSection(SolutionProperties) = preSolution
		HideSolutionNode = FALSE
	EndGlobalSection
	GlobalSection(ExtensibilityGlobals) = postSolution
		SolutionGuid = {27348D27-1F56-4BA3-AD91-A61E12985757}
	EndGlobalSection
EndGlobal
